{
  "requires": true,
  "lockfileVersion": 1,
  "dependencies": {
    "aws-deploy-helper": {
      "version": "1.0.0",
      "resolved": "https://registry.npmjs.org/aws-deploy-helper/-/aws-deploy-helper-1.0.0.tgz",
      "integrity": "sha512-yuzhR1khxRvDCZ5QsMkRd/IdkDuljH9dyy8LiUKQlsev0kTwKVb/4O5KFUM4Tv5vEOxOxV2nWZH3s/sf/FlcQA=="
    }
  }
}
