{
  "requires": true,
  "lockfileVersion": 1,
  "dependencies": {
    "aws-deploy-helper": {
      "version": "1.0.2",
      "resolved": "https://registry.npmjs.org/aws-deploy-helper/-/aws-deploy-helper-1.0.2.tgz",
      "integrity": "sha512-Fp28nAdAyMMlzcRN2s0LwkUuGJLpZmM6bsrcRA/IF09a5+PjRTcMVWapXPtnN7z+Q17LGPNACf6ke39ItjdGLg=="
    }
  }
}
